
Microsoft Visual Studio Solution File, Format Version 12.00
# Visual Studio Version 17
VisualStudioVersion = 17.4.33213.308
MinimumVisualStudioVersion = 10.0.40219.1
Project("{8BC9CEB8-8B4A-11D0-8D11-00A0C91BC942}") = "CSC 1501 A5", "CSC 1501 A5.vcxproj", "{BCF41A7C-CAD1-476C-A9D8-DDEDF56876C9}"
EndProject
Global
	GlobalSection(SolutionConfigurationPlatforms) = preSolution
		Debug|x64 = Debug|x64
		Debug|x86 = Debug|x86
		Release|x64 = Release|x64
		Release|x86 = Release|x86
	EndGlobalSection
	GlobalSection(ProjectConfigurationPlatforms) = postSolution
		{BCF41A7C-CAD1-476C-A9D8-DDEDF56876C9}.Debug|x64.ActiveCfg = Debug|x64
		{BCF41A7C-CAD1-476C-A9D8-DDEDF56876C9}.Debug|x64.Build.0 = Debug|x64
		{BCF41A7C-CAD1-476C-A9D8-DDEDF56876C9}.Debug|x86.ActiveCfg = Debug|Win32
		{BCF41A7C-CAD1-476C-A9D8-DDEDF56876C9}.Debug|x86.Build.0 = Debug|Win32
		{BCF41A7C-CAD1-476C-A9D8-DDEDF56876C9}.Release|x64.ActiveCfg = Release|x64
		{BCF41A7C-CAD1-476C-A9D8-DDEDF56876C9}.Release|x64.Build.0 = Release|x64
		{BCF41A7C-CAD1-476C-A9D8-DDEDF56876C9}.Release|x86.ActiveCfg = Release|Win32
		{BCF41A7C-CAD1-476C-A9D8-DDEDF56876C9}.Release|x86.Build.0 = Release|Win32
	EndGlobalSection
	GlobalSection(SolutionProperties) = preSolution
		HideSolutionNode = FALSE
	EndGlobalSection
	GlobalSection(ExtensibilityGlobals) = postSolution
		SolutionGuid = {E2D93E9D-5D2D-4699-A3EB-D1A3C3A51C81}
	EndGlobalSection
EndGlobal
